
Microsoft Visual Studio Solution File, Format Version 11.00
# Visual Studio 2010
Project("{FAE04EC0-301F-11D3-BF4B-00C04F79EFBC}") = "HashGenerator", "HashGenerator\HashGenerator.csproj", "{BDF83B1B-CE9D-4B63-A54B-49C4AD0266FD}"
EndProject
Global
	GlobalSection(SolutionConfigurationPlatforms) = preSolution
		Debug|x86 = Debug|x86
		Release|x86 = Release|x86
	EndGlobalSection
	GlobalSection(ProjectConfigurationPlatforms) = postSolution
		{BDF83B1B-CE9D-4B63-A54B-49C4AD0266FD}.Debug|x86.ActiveCfg = Debug|x86
		{BDF83B1B-CE9D-4B63-A54B-49C4AD0266FD}.Debug|x86.Build.0 = Debug|x86
		{BDF83B1B-CE9D-4B63-A54B-49C4AD0266FD}.Release|x86.ActiveCfg = Release|x86
		{BDF83B1B-CE9D-4B63-A54B-49C4AD0266FD}.Release|x86.Build.0 = Release|x86
	EndGlobalSection
	GlobalSection(MonoDevelopProperties) = preSolution
		StartupItem = HashGenerator\HashGenerator.csproj
	EndGlobalSection
EndGlobal
